
Microsoft Visual Studio Solution File, Format Version 12.00
# Visual Studio Version 17
VisualStudioVersion = 17.1.32228.430
MinimumVisualStudioVersion = 10.0.40219.1
Project("{FAE04EC0-301F-11D3-BF4B-00C04F79EFBC}") = "RestaurantRater", "RestaurantRater\RestaurantRater.csproj", "{D4374A04-AE0D-44BE-B542-730119F3F17D}"
EndProject
Global
	GlobalSection(SolutionConfigurationPlatforms) = preSolution
		Debug|Any CPU = Debug|Any CPU
		Release|Any CPU = Release|Any CPU
	EndGlobalSection
	GlobalSection(ProjectConfigurationPlatforms) = postSolution
		{D4374A04-AE0D-44BE-B542-730119F3F17D}.Debug|Any CPU.ActiveCfg = Debug|Any CPU
		{D4374A04-AE0D-44BE-B542-730119F3F17D}.Debug|Any CPU.Build.0 = Debug|Any CPU
		{D4374A04-AE0D-44BE-B542-730119F3F17D}.Release|Any CPU.ActiveCfg = Release|Any CPU
		{D4374A04-AE0D-44BE-B542-730119F3F17D}.Release|Any CPU.Build.0 = Release|Any CPU
	EndGlobalSection
	GlobalSection(SolutionProperties) = preSolution
		HideSolutionNode = FALSE
	EndGlobalSection
	GlobalSection(ExtensibilityGlobals) = postSolution
		SolutionGuid = {DA8ED6FD-E969-4107-B685-63D0FCF618A5}
	EndGlobalSection
EndGlobal
